
Microsoft Visual Studio Solution File, Format Version 12.00
# Visual Studio Version 17
VisualStudioVersion = 17.1.32203.90
MinimumVisualStudioVersion = 10.0.40219.1
Project("{2150E333-8FDC-42A3-9474-1A3956D46DE8}") = "test", "test", "{FAEA05B8-21F6-494F-A436-67ABBE630398}"
EndProject
Project("{2150E333-8FDC-42A3-9474-1A3956D46DE8}") = "src", "src", "{B34FD8E5-5047-41A4-8C4D-3E3C833F4F66}"
EndProject
Project("{2150E333-8FDC-42A3-9474-1A3956D46DE8}") = "SearchAlgorithmsForArray", "SearchAlgorithmsForArray", "{C8D4B8F1-7E66-424A-80F8-3BC58D4BEE35}"
EndProject
Project("{2150E333-8FDC-42A3-9474-1A3956D46DE8}") = "ClientFirstDesign", "ClientFirstDesign", "{C435A218-BD75-495A-AADF-DA025FDF7A7C}"
EndProject
Project("{9A19103F-16F7-4668-BE54-9A1E7A4F7556}") = "VP.Algorithm.Search.ClientFirstDesign", "test\ClientFirstDesign\VP.Algorithm.Search.ClientFirstDesign.csproj", "{8DD58248-3BC8-4F71-9271-7CE7C2B432BB}"
EndProject
Project("{2150E333-8FDC-42A3-9474-1A3956D46DE8}") = "UnitTest", "UnitTest", "{934E5040-5B28-4D38-ACD3-70AFFF0D3C17}"
EndProject
Project("{2150E333-8FDC-42A3-9474-1A3956D46DE8}") = "SearchAlgorithmsForArray", "SearchAlgorithmsForArray", "{82A455F9-B4B6-49D7-9360-0E34DD847B8B}"
EndProject
Project("{2150E333-8FDC-42A3-9474-1A3956D46DE8}") = "SearchAlgorithmsForString", "SearchAlgorithmsForString", "{570A2971-0C09-471D-8524-473DF2EB71B2}"
EndProject
Project("{9A19103F-16F7-4668-BE54-9A1E7A4F7556}") = "VP.Algorithm.Search.Array", "src\SearchAlgorithmsForArray\VP.Algorithm.Search.Array.csproj", "{F8826587-230E-4AC3-8701-48088E182A65}"
EndProject
Project("{2150E333-8FDC-42A3-9474-1A3956D46DE8}") = "SearchAlgorithmsForString", "SearchAlgorithmsForString", "{975E5ABA-34CC-4341-A75C-10E27BC317A1}"
EndProject
Project("{9A19103F-16F7-4668-BE54-9A1E7A4F7556}") = "VP.Algorithm.Search.Array.UnitTest", "test\UnitTest\SearchAlgorithmsForArray\VP.Algorithm.Search.Array.UnitTest.csproj", "{D9EF5C5A-F7DD-49E6-A7C4-BE745CEA1B09}"
EndProject
Global
	GlobalSection(SolutionConfigurationPlatforms) = preSolution
		Debug|Any CPU = Debug|Any CPU
		Release|Any CPU = Release|Any CPU
	EndGlobalSection
	GlobalSection(ProjectConfigurationPlatforms) = postSolution
		{8DD58248-3BC8-4F71-9271-7CE7C2B432BB}.Debug|Any CPU.ActiveCfg = Debug|Any CPU
		{8DD58248-3BC8-4F71-9271-7CE7C2B432BB}.Debug|Any CPU.Build.0 = Debug|Any CPU
		{8DD58248-3BC8-4F71-9271-7CE7C2B432BB}.Release|Any CPU.ActiveCfg = Release|Any CPU
		{8DD58248-3BC8-4F71-9271-7CE7C2B432BB}.Release|Any CPU.Build.0 = Release|Any CPU
		{F8826587-230E-4AC3-8701-48088E182A65}.Debug|Any CPU.ActiveCfg = Debug|Any CPU
		{F8826587-230E-4AC3-8701-48088E182A65}.Debug|Any CPU.Build.0 = Debug|Any CPU
		{F8826587-230E-4AC3-8701-48088E182A65}.Release|Any CPU.ActiveCfg = Release|Any CPU
		{F8826587-230E-4AC3-8701-48088E182A65}.Release|Any CPU.Build.0 = Release|Any CPU
		{D9EF5C5A-F7DD-49E6-A7C4-BE745CEA1B09}.Debug|Any CPU.ActiveCfg = Debug|Any CPU
		{D9EF5C5A-F7DD-49E6-A7C4-BE745CEA1B09}.Debug|Any CPU.Build.0 = Debug|Any CPU
		{D9EF5C5A-F7DD-49E6-A7C4-BE745CEA1B09}.Release|Any CPU.ActiveCfg = Release|Any CPU
		{D9EF5C5A-F7DD-49E6-A7C4-BE745CEA1B09}.Release|Any CPU.Build.0 = Release|Any CPU
	EndGlobalSection
	GlobalSection(SolutionProperties) = preSolution
		HideSolutionNode = FALSE
	EndGlobalSection
	GlobalSection(NestedProjects) = preSolution
		{C8D4B8F1-7E66-424A-80F8-3BC58D4BEE35} = {B34FD8E5-5047-41A4-8C4D-3E3C833F4F66}
		{C435A218-BD75-495A-AADF-DA025FDF7A7C} = {FAEA05B8-21F6-494F-A436-67ABBE630398}
		{8DD58248-3BC8-4F71-9271-7CE7C2B432BB} = {C435A218-BD75-495A-AADF-DA025FDF7A7C}
		{934E5040-5B28-4D38-ACD3-70AFFF0D3C17} = {FAEA05B8-21F6-494F-A436-67ABBE630398}
		{82A455F9-B4B6-49D7-9360-0E34DD847B8B} = {934E5040-5B28-4D38-ACD3-70AFFF0D3C17}
		{570A2971-0C09-471D-8524-473DF2EB71B2} = {B34FD8E5-5047-41A4-8C4D-3E3C833F4F66}
		{F8826587-230E-4AC3-8701-48088E182A65} = {C8D4B8F1-7E66-424A-80F8-3BC58D4BEE35}
		{975E5ABA-34CC-4341-A75C-10E27BC317A1} = {934E5040-5B28-4D38-ACD3-70AFFF0D3C17}
		{D9EF5C5A-F7DD-49E6-A7C4-BE745CEA1B09} = {82A455F9-B4B6-49D7-9360-0E34DD847B8B}
	EndGlobalSection
	GlobalSection(ExtensibilityGlobals) = postSolution
		SolutionGuid = {4F76722E-AF41-46A1-87C6-1DE2A0A8D277}
	EndGlobalSection
EndGlobal
